Microsoft Visual Studio Solution File, Format Version 11.00
# Visual C++ Express 2010
Project("{8BC9CEB8-8B4A-11D0-8D11-00A0C91BC942}") = "libpng", "libpng.vcxproj", "{C14D16DE-23C0-D37E-AA8A-3EEF5E1527EE}"
EndProject
Project("{8BC9CEB8-8B4A-11D0-8D11-00A0C91BC942}") = "pngtest", "pngtest.vcxproj", "{C3B0B2FC-CAB7-9911-0706-E2240EB969E8}"
EndProject
Project("{8BC9CEB8-8B4A-11D0-8D11-00A0C91BC942}") = "zlib", "zlib.vcxproj", "{B861F9CB-DAB6-19D2-D5D1-0449F6A95BFB}"
EndProject
Global
	GlobalSection(SolutionConfigurationPlatforms) = preSolution
		DLL Debug|Win32 = DLL Debug|Win32
		DLL Release|Win32 = DLL Release|Win32
		DLL VB|Win32 = DLL VB|Win32
		LIB Debug|Win32 = LIB Debug|Win32
		LIB Release|Win32 = LIB Release|Win32
	EndGlobalSection
	GlobalSection(ProjectConfigurationPlatforms) = postSolution
		{C14D16DE-23C0-D37E-AA8A-3EEF5E1527EE}.DLL Debug|Win32.ActiveCfg = DLL Debug|Win32
		{C14D16DE-23C0-D37E-AA8A-3EEF5E1527EE}.DLL Release|Win32.ActiveCfg = DLL Release|Win32
		{C14D16DE-23C0-D37E-AA8A-3EEF5E1527EE}.DLL VB|Win32.ActiveCfg = DLL VB|Win32
		{C14D16DE-23C0-D37E-AA8A-3EEF5E1527EE}.LIB Debug|Win32.ActiveCfg = LIB Debug|Win32
		{C14D16DE-23C0-D37E-AA8A-3EEF5E1527EE}.LIB Release|Win32.ActiveCfg = LIB Release|Win32
		{C3B0B2FC-CAB7-9911-0706-E2240EB969E8}.DLL Debug|Win32.ActiveCfg = DLL Debug|Win32
		{C3B0B2FC-CAB7-9911-0706-E2240EB969E8}.DLL Release|Win32.ActiveCfg = DLL Release|Win32
		{C3B0B2FC-CAB7-9911-0706-E2240EB969E8}.DLL VB|Win32.ActiveCfg = DLL VB|Win32
		{C3B0B2FC-CAB7-9911-0706-E2240EB969E8}.LIB Debug|Win32.ActiveCfg = LIB Debug|Win32
		{C3B0B2FC-CAB7-9911-0706-E2240EB969E8}.LIB Release|Win32.ActiveCfg = LIB Release|Win32
		{B861F9CB-DAB6-19D2-D5D1-0449F6A95BFB}.DLL Debug|Win32.ActiveCfg = DLL Debug|Win32
		{B861F9CB-DAB6-19D2-D5D1-0449F6A95BFB}.DLL Release|Win32.ActiveCfg = DLL Release|Win32
		{B861F9CB-DAB6-19D2-D5D1-0449F6A95BFB}.DLL VB|Win32.ActiveCfg = DLL Release|Win32
		{B861F9CB-DAB6-19D2-D5D1-0449F6A95BFB}.LIB Debug|Win32.ActiveCfg = LIB Debug|Win32
		{B861F9CB-DAB6-19D2-D5D1-0449F6A95BFB}.LIB Release|Win32.ActiveCfg = LIB Release|Win32
	EndGlobalSection
	GlobalSection(SolutionProperties) = preSolution
		HideSolutionNode = FALSE
	EndGlobalSection
EndGlobal
